
Microsoft Visual Studio Solution File, Format Version 12.00
# Visual Studio 2013
VisualStudioVersion = 12.0.31101.0
MinimumVisualStudioVersion = 10.0.40219.1
Project("{FAE04EC0-301F-11D3-BF4B-00C04F79EFBC}") = "3D", "3D\3D.csproj", "{74FA3980-8D37-438A-89EB-D4895789CA0A}"
EndProject
Global
	GlobalSection(SolutionConfigurationPlatforms) = preSolution
		Debug|Any CPU = Debug|Any CPU
		Release|Any CPU = Release|Any CPU
	EndGlobalSection
	GlobalSection(ProjectConfigurationPlatforms) = postSolution
		{74FA3980-8D37-438A-89EB-D4895789CA0A}.Debug|Any CPU.ActiveCfg = Debug|Any CPU
		{74FA3980-8D37-438A-89EB-D4895789CA0A}.Debug|Any CPU.Build.0 = Debug|Any CPU
		{74FA3980-8D37-438A-89EB-D4895789CA0A}.Release|Any CPU.ActiveCfg = Release|Any CPU
		{74FA3980-8D37-438A-89EB-D4895789CA0A}.Release|Any CPU.Build.0 = Release|Any CPU
	EndGlobalSection
	GlobalSection(SolutionProperties) = preSolution
		HideSolutionNode = FALSE
	EndGlobalSection
EndGlobal
